github.com/creack/pty v1.1.9/go.mod h1:oKZEueFk5CKHvIhNR5MUki03XCEU+Q6VDXinZuGJ33E=
github.com/davecgh/go-spew v1.1.0/go.mod h1:J7Y8YcW2NihsgmVo/mv3lAwl/skON4iLHjSsI+c5H38=
github.com/davecgh/go-spew v1.1.1 h1:vj9j/u1bqnvCEfJOwUhtlOARqs3+rkHYY13jYWTU97c=
github.com/goccy/go-json v0.9.11 h1:/pAaQDLHEoCq/5FFmSKBswWmK6H0e8g4159Kc/X/nqk=
github.com/goccy/go-json v0.9.11/go.mod h1:6MelG93GURQebXPDq3khkgXZkazVtN9CRI+MGFi0w8I=
github.com/google/uuid v1.3.1 h1:KjJaJ9iWZ3jOFZIf1Lqf4laDRCasjl0BCmnEGxkdLb4=
github.com/google/uuid v1.3.1/go.mod h1:TIyPZe4MgqvfeYDBFedMoGGpEw/LqOeaOT+nhxU+yHo=
github.com/iancoleman/orderedmap v0.0.0-20190318233801-ac98e3ecb4b0/go.mod h1:N0Wam8K1arqPXNWjMo21EXnBPOPp36vB07FNRdD2geA=
github.com/iancoleman/orderedmap v0.1.0 h1:2orAxZBJsvimgEBmMWfXaFlzSG2fbQil5qzP3F6cCkg=
github.com/iancoleman/orderedmap v0.1.0/go.mod h1:N0Wam8K1arqPXNWjMo21EXnBPOPp36vB07FNRdD2geA=
github.com/invopop/jsonschema v0.6.0 h1:8e+xY8ZEn8gDHUYylSlLHy22P+SLeIRIHv3nM3hCbmY=
github.com/invopop/jsonschema v0.6.0/go.mod h1:O9uiLokuu0+MGFlyiaqtWxwqJm41/+8Nj0lD7A36YH0=
github.com/kr/pretty v0.3.1 h1:flRD4NNwYAUpkphVc1HcthR4KEIFJ65n8Mw5qdRn3LE=
github.com/kr/pretty v0.3.1/go.mod h1:hoEshYVHaxMs3cyo3Yncou5ZscifuDolrwPKZanG3xk=
github.com/kr/text v0.2.0 h1:5Nx0Ya0ZqY2ygV366QzturHI13Jq95ApcVaJBhpS+AY=
github.com/kr/text v0.2.0/go.mod h1:eLer722TekiGuMkidMxC/pM04lWEeraHUUmBw8l2grE=
github.com/osamingo/jsonrpc/v2 v2.4.2 h1:eD0ITTlnmdqjPtt2+UxZnl3Qsadj4a0PVTqa/Tw/0R8=
github.com/osamingo/jsonrpc/v2 v2.4.2/go.mod h1:mk38/kTCre3Y2jXOqxd4S1f1/vDXOspSrdBEs60ZYFI=
github.com/pkg/diff v0.0.0-20210226163009-20ebb0f2a09e/go.mod h1:pJLUxLENpZxwdsKMEsNbx1VGcRFpLqf3715MtcvvzbA=
github.com/pmezard/go-difflib v1.0.0 h1:4DBwDE0NGyQoBHbLQYPwSUPoCMWR5BEzIk/f1lZbAQM=
github.com/pmezard/go-difflib v1.0.0/go.mod h1:iKH77koFhYxTK1pcRnkKkqfTogsbg7gZNVY4sRDYZ/4=
github.com/rogpeppe/go-internal v1.9.0 h1:73kH8U+JUqXU8lRuOHeVHaa/SZPifC7BkcraZVejAe8=
github.com/rogpeppe/go-internal v1.9.0/go.mod h1:WtVeX8xhTBvf0smdhujwtBcq4Qrzq/fJaraNFVN+nFs=
github.com/stretchr/objx v0.1.0/go.mod h1:HFkY916IF+rwdDfMAkV7OtwuqBVzrE8GR6GFx+wExME=
github.com/stretchr/testify v1.3.1-0.20190311161405-34c6fa2dc709/go.mod h1:M5WIy9Dh21IEIfnGCwXGc5bZfKNJtfHm1UVUgZn+9EI=
github.com/stretchr/testify v1.8.1 h1:w7B6lhMri9wdJUVmEZPGGhZzrYTPvgJArz7wNPgYKsk=
github.com/vault-thirteen/VCS v0.4.0 h1:L4ZdVBnpO4s86bxneWXLkui701TKkdcLwJJ5xyKcJ3Y=
github.com/vault-thirteen/VCS v0.4.0/go.mod h1:ddFUx9MdOWLFvRI5Yg249bACmLgZgY7+mJwXFhBwrbg=
github.com/vault-thirteen/Versioneer v0.7.0 h1:8sIMNSwBHwBmuVqsfcczN6+vhD2omoD6yzpIIrsATo4=
github.com/vault-thirteen/Versioneer v0.7.0/go.mod h1:q30K6sHuxzFxHD9vwKWwDSXU8MDjRaRJVAZW6n0FmwE=
github.com/vault-thirteen/auxie v0.13.0 h1:4n1IgBxdPNqkq5JaiezK6LNBWWlc2Rqx1C5sDWvK8Sc=
github.com/vault-thirteen/auxie v0.13.0/go.mod h1:2dLHTsvcMz4XgJqiByn4jfW/DWyWwuxo/0o5sbMkQ4I=
github.com/vault-thirteen/errorz v1.2.0 h1:i2w9yHqYrsqOWyVPVMeEfv1TIATULW8PxnRGhySeyZ8=
github.com/vault-thirteen/errorz v1.2.0/go.mod h1:+1mqgPir0fmbjS/MmElLOouoNycetmwtYdmmbjQI9PI=
github.com/vault-thirteen/header v1.3.0 h1:mvmd0AAOst1BlwpmYcf6iRfPTXcbIEwJOrrvXVwUhac=
github.com/vault-thirteen/header v1.3.0/go.mod h1:d5OZnwd79kKmCq0pGM++vmFdpZpYKDnnpYa0Nw1nTxo=
github.com/vault-thirteen/tester v1.2.0 h1:eUfPZqS5bXbQ+6Zed9EceN3ddsOBBMZoU0y+/eJV8cc=
github.com/ybbus/jsonrpc/v3 v3.1.4 h1:pPmgfWXnqR2GdIlealyCzmV6LV3nxm3w9gwA1B3cP3Y=
github.com/ybbus/jsonrpc/v3 v3.1.4/go.mod h1:4HQTl0UzErqWGa6bSXhp8rIjifMAMa55E4D5wdhe768=
golang.org/x/image v0.13.0 h1:3cge/F/QTkNLauhf2QoE9zp+7sr+ZcL4HnoZmdwg9sg=
golang.org/x/image v0.13.0/go.mod h1:6mmbMOeV28HuMTgA6OSRkdXKYw/t5W9Uwn2Yv1r3Yxk=
gopkg.in/yaml.v3 v3.0.1 h1:fxVm/GzAzEWqLHuvctI91KS9hhNmmWOoWu0XTYJS7CA=
